
Microsoft Visual Studio Solution File, Format Version 12.00
# Visual Studio Version 17
VisualStudioVersion = 17.11.35312.102
MinimumVisualStudioVersion = 10.0.40219.1
Project("{2150E333-8FDC-42A3-9474-1A3956D46DE8}") = "Solution Items", "Solution Items", "{015F7BAA-1970-4527-ABAF-6ACC01492C14}"
	ProjectSection(SolutionItems) = preProject
		.editorconfig = .editorconfig
		Directory.Build.props = Directory.Build.props
	EndProjectSection
EndProject
Project("{2150E333-8FDC-42A3-9474-1A3956D46DE8}") = "src", "src", "{E806A510-16C4-492E-A8AE-F0DDCB2E5CD3}"
EndProject
Project("{2150E333-8FDC-42A3-9474-1A3956D46DE8}") = "API", "API", "{C3C01247-E98A-489F-B15F-FD927B972138}"
EndProject
Project("{9A19103F-16F7-4668-BE54-9A1E7A4F7556}") = "Evently.Api", "src\API\Evently.Api\Evently.Api.csproj", "{EEB9802E-2730-428E-A0C4-B5BF5E251D79}"
EndProject
Project("{2150E333-8FDC-42A3-9474-1A3956D46DE8}") = "Modules", "Modules", "{DE29C3D7-DB67-4920-9A89-BE734DF9B99C}"
EndProject
Project("{2150E333-8FDC-42A3-9474-1A3956D46DE8}") = "Events", "Events", "{12659DEA-DE36-4EEE-B0F8-5A5480FA9CC9}"
EndProject
Project("{E53339B2-1760-4266-BCC7-CA923CBCF16C}") = "docker-compose", "docker-compose.dcproj", "{BC42CC37-59C8-4916-A846-E5BFE0C893A7}"
EndProject
Project("{9A19103F-16F7-4668-BE54-9A1E7A4F7556}") = "Evently.Modules.Events.Domain", "src\Modules\Events\Evently.Modules.Events.Domain\Evently.Modules.Events.Domain.csproj", "{1CCA4C87-C4FA-4068-9988-B3A32882CBD8}"
EndProject
Project("{9A19103F-16F7-4668-BE54-9A1E7A4F7556}") = "Evently.Modules.Events.Application", "src\Modules\Events\Evently.Modules.Events.Application\Evently.Modules.Events.Application.csproj", "{D97BD7BC-C050-4D35-82D5-93D3F063F44E}"
EndProject
Project("{9A19103F-16F7-4668-BE54-9A1E7A4F7556}") = "Evently.Modules.Events.Infrastructure", "src\Modules\Events\Evently.Modules.Events.Infrastructure\Evently.Modules.Events.Infrastructure.csproj", "{0DEDF183-892E-4D0F-B5DA-A919C732AF07}"
EndProject
Project("{9A19103F-16F7-4668-BE54-9A1E7A4F7556}") = "Evently.Modules.Events.Presentation", "src\Modules\Events\Evently.Modules.Events.Presentation\Evently.Modules.Events.Presentation.csproj", "{4BD0DA0E-27C3-4D9D-A004-35E2747423E4}"
EndProject
Project("{2150E333-8FDC-42A3-9474-1A3956D46DE8}") = "Common", "Common", "{50C33620-F519-49D8-9910-AAA33BD57BAD}"
EndProject
Project("{9A19103F-16F7-4668-BE54-9A1E7A4F7556}") = "Evently.Common.Domain", "src\Common\Evently.Common.Domain\Evently.Common.Domain.csproj", "{BA95D2A4-88EB-4451-9C13-29F6B5D01CC8}"
EndProject
Project("{9A19103F-16F7-4668-BE54-9A1E7A4F7556}") = "Evently.Common.Application", "src\Common\Evently.Common.Application\Evently.Common.Application.csproj", "{EB0A65A6-45E0-423B-96DF-E81EDF227A9E}"
EndProject
Project("{9A19103F-16F7-4668-BE54-9A1E7A4F7556}") = "Evently.Common.Infrastructure", "src\Common\Evently.Common.Infrastructure\Evently.Common.Infrastructure.csproj", "{DF2C82A7-4183-43C7-9539-EF2EA438EF85}"
EndProject
Project("{9A19103F-16F7-4668-BE54-9A1E7A4F7556}") = "Evently.Common.Presentation", "src\Common\Evently.Common.Presentation\Evently.Common.Presentation.csproj", "{083C7862-C7B0-4F53-9F55-B271433F9FCF}"
EndProject
Project("{2150E333-8FDC-42A3-9474-1A3956D46DE8}") = "Users", "Users", "{6FD82143-E89B-4D3C-9303-76AE5337A0AC}"
EndProject
Project("{9A19103F-16F7-4668-BE54-9A1E7A4F7556}") = "Evently.Modules.Users.Domain", "src\Modules\Users\Evently.Modules.Users.Domain\Evently.Modules.Users.Domain.csproj", "{8C40CCD9-74C9-4936-86AC-DA163FFF073E}"
EndProject
Project("{9A19103F-16F7-4668-BE54-9A1E7A4F7556}") = "Evently.Modules.Users.Application", "src\Modules\Users\Evently.Modules.Users.Application\Evently.Modules.Users.Application.csproj", "{443C75B9-9A5C-49B0-B9BF-D9538C492100}"
EndProject
Project("{9A19103F-16F7-4668-BE54-9A1E7A4F7556}") = "Evently.Modules.Users.Infrastructure", "src\Modules\Users\Evently.Modules.Users.Infrastructure\Evently.Modules.Users.Infrastructure.csproj", "{74439DE9-F25E-4EB1-A17D-C0540DCE25D5}"
EndProject
Project("{9A19103F-16F7-4668-BE54-9A1E7A4F7556}") = "Evently.Modules.Users.Presentation", "src\Modules\Users\Evently.Modules.Users.Presentation\Evently.Modules.Users.Presentation.csproj", "{E98A80C5-073F-407E-9982-E47452939CB7}"
EndProject
Project("{2150E333-8FDC-42A3-9474-1A3956D46DE8}") = "Ticketing", "Ticketing", "{4E345ACE-7A15-4D3E-914E-F7562B9E0AC5}"
EndProject
Project("{9A19103F-16F7-4668-BE54-9A1E7A4F7556}") = "Evently.Modules.Ticketing.Domain", "src\Modules\Ticketing\Evently.Modules.Ticketing.Domain\Evently.Modules.Ticketing.Domain.csproj", "{B8D7B667-56AA-4D79-8819-88D76CBD9923}"
EndProject
Project("{9A19103F-16F7-4668-BE54-9A1E7A4F7556}") = "Evently.Modules.Ticketing.Application", "src\Modules\Ticketing\Evently.Modules.Ticketing.Application\Evently.Modules.Ticketing.Application.csproj", "{B02A06B9-EF19-415F-A917-F629B7059F63}"
EndProject
Project("{9A19103F-16F7-4668-BE54-9A1E7A4F7556}") = "Evently.Modules.Ticketing.Infrastructure", "src\Modules\Ticketing\Evently.Modules.Ticketing.Infrastructure\Evently.Modules.Ticketing.Infrastructure.csproj", "{8BA41F96-6E4B-415C-A2AA-A7A9A08A7018}"
EndProject
Project("{9A19103F-16F7-4668-BE54-9A1E7A4F7556}") = "Evently.Modules.Ticketing.Presentation", "src\Modules\Ticketing\Evently.Modules.Ticketing.Presentation\Evently.Modules.Ticketing.Presentation.csproj", "{4CA811BE-6521-4FF2-86B3-9292ED6CEBBB}"
EndProject
Project("{9A19103F-16F7-4668-BE54-9A1E7A4F7556}") = "Evently.Modules.Users.IntegrationEvents", "src\Modules\Users\Evently.Modules.Users.IntegrationEvents\Evently.Modules.Users.IntegrationEvents.csproj", "{7F549ACF-8BDD-4850-9D8F-CAD440591141}"
EndProject
Project("{2150E333-8FDC-42A3-9474-1A3956D46DE8}") = "Attendance", "Attendance", "{F320108A-4451-4FB4-9626-33C0ABBEFBCE}"
EndProject
Project("{FAE04EC0-301F-11D3-BF4B-00C04F79EFBC}") = "Evently.Modules.Attendance.Domain", "src\Modules\Attendance\Evently.Modules.Attendance.Domain\Evently.Modules.Attendance.Domain.csproj", "{5AB09C3B-634A-4E58-B220-E42FA95E2957}"
EndProject
Project("{FAE04EC0-301F-11D3-BF4B-00C04F79EFBC}") = "Evently.Modules.Attendance.Application", "src\Modules\Attendance\Evently.Modules.Attendance.Application\Evently.Modules.Attendance.Application.csproj", "{8B79870F-03F5-4F9E-9160-D51730A2D338}"
EndProject
Project("{FAE04EC0-301F-11D3-BF4B-00C04F79EFBC}") = "Evently.Modules.Attendance.Infrastructure", "src\Modules\Attendance\Evently.Modules.Attendance.Infrastructure\Evently.Modules.Attendance.Infrastructure.csproj", "{4C5A1085-6784-4B7A-A514-841EDFC0AAA1}"
EndProject
Project("{FAE04EC0-301F-11D3-BF4B-00C04F79EFBC}") = "Evently.Modules.Attendance.IntegrationEvents", "src\Modules\Attendance\Evently.Modules.Attendance.IntegrationEvents\Evently.Modules.Attendance.IntegrationEvents.csproj", "{FDA02497-113D-4AE0-A823-BDA51231E12D}"
EndProject
Project("{9A19103F-16F7-4668-BE54-9A1E7A4F7556}") = "Evently.Modules.Attendance.Presentation", "src\Modules\Attendance\Evently.Modules.Attendance.Presentation\Evently.Modules.Attendance.Presentation.csproj", "{7317B009-7ED5-4188-83A7-2806E200C596}"
EndProject
Project("{FAE04EC0-301F-11D3-BF4B-00C04F79EFBC}") = "Evently.Modules.Events.IntegrationEvents", "src\Modules\Events\Evently.Modules.Events.IntegrationEvents\Evently.Modules.Events.IntegrationEvents.csproj", "{F7FC4DF2-BF5D-4945-B669-80D1C3628F19}"
EndProject
Project("{FAE04EC0-301F-11D3-BF4B-00C04F79EFBC}") = "Evently.Modules.Ticketing.IntegrationEvents", "src\Modules\Ticketing\Evently.Modules.Ticketing.IntegrationEvents\Evently.Modules.Ticketing.IntegrationEvents.csproj", "{19511067-C17E-4DD2-95AB-723C9327D239}"
EndProject
Project("{2150E333-8FDC-42A3-9474-1A3956D46DE8}") = "test", "test", "{8A04576D-7345-46C5-8017-D6330BB16B4C}"
EndProject
Project("{FAE04EC0-301F-11D3-BF4B-00C04F79EFBC}") = "Evently.ArchitectureTests", "test\Evently.ArchitectureTests\Evently.ArchitectureTests.csproj", "{693FD221-D971-4E2D-9D0D-168E395E030E}"
EndProject
Project("{2150E333-8FDC-42A3-9474-1A3956D46DE8}") = "test", "test", "{1DF46EC0-7465-4B18-AB2C-3824EC9106B0}"
EndProject
Project("{FAE04EC0-301F-11D3-BF4B-00C04F79EFBC}") = "Evently.Modules.Users.Architecture.Tests", "src\Modules\Users\test\Evently.Modules.Users.Architecture.Tests\Evently.Modules.Users.Architecture.Tests.csproj", "{FB8B880B-97AA-40BA-8EEE-E7DBE422E112}"
EndProject
Project("{2150E333-8FDC-42A3-9474-1A3956D46DE8}") = "test", "test", "{4FE2BEA1-0FDF-49DC-ACC7-48AE455AD8F6}"
EndProject
Project("{FAE04EC0-301F-11D3-BF4B-00C04F79EFBC}") = "Evently.Modules.Ticketing.ArchitectureTests", "src\Modules\Ticketing\test\Evently.Modules.Ticketing.ArchitectureTests\Evently.Modules.Ticketing.ArchitectureTests.csproj", "{72288130-9EC0-4D79-BC94-3E510BC35DF6}"
EndProject
Project("{2150E333-8FDC-42A3-9474-1A3956D46DE8}") = "test", "test", "{79F91E25-827D-489E-854E-BB282C071B68}"
EndProject
Project("{FAE04EC0-301F-11D3-BF4B-00C04F79EFBC}") = "Evently.Modules.Events.ArchitectureTests", "src\Modules\Events\test\Evently.Modules.Events.ArchitectureTests\Evently.Modules.Events.ArchitectureTests.csproj", "{76FE97C6-0891-4E8C-8023-9193722F29B7}"
EndProject
Global
	GlobalSection(SolutionConfigurationPlatforms) = preSolution
		Debug|Any CPU = Debug|Any CPU
		Release|Any CPU = Release|Any CPU
	EndGlobalSection
	GlobalSection(ProjectConfigurationPlatforms) = postSolution
		{EEB9802E-2730-428E-A0C4-B5BF5E251D79}.Debug|Any CPU.ActiveCfg = Debug|Any CPU
		{EEB9802E-2730-428E-A0C4-B5BF5E251D79}.Debug|Any CPU.Build.0 = Debug|Any CPU
		{EEB9802E-2730-428E-A0C4-B5BF5E251D79}.Release|Any CPU.ActiveCfg = Release|Any CPU
		{EEB9802E-2730-428E-A0C4-B5BF5E251D79}.Release|Any CPU.Build.0 = Release|Any CPU
		{BC42CC37-59C8-4916-A846-E5BFE0C893A7}.Debug|Any CPU.ActiveCfg = Debug|Any CPU
		{BC42CC37-59C8-4916-A846-E5BFE0C893A7}.Debug|Any CPU.Build.0 = Debug|Any CPU
		{BC42CC37-59C8-4916-A846-E5BFE0C893A7}.Release|Any CPU.ActiveCfg = Release|Any CPU
		{BC42CC37-59C8-4916-A846-E5BFE0C893A7}.Release|Any CPU.Build.0 = Release|Any CPU
		{1CCA4C87-C4FA-4068-9988-B3A32882CBD8}.Debug|Any CPU.ActiveCfg = Debug|Any CPU
		{1CCA4C87-C4FA-4068-9988-B3A32882CBD8}.Debug|Any CPU.Build.0 = Debug|Any CPU
		{1CCA4C87-C4FA-4068-9988-B3A32882CBD8}.Release|Any CPU.ActiveCfg = Release|Any CPU
		{1CCA4C87-C4FA-4068-9988-B3A32882CBD8}.Release|Any CPU.Build.0 = Release|Any CPU
		{D97BD7BC-C050-4D35-82D5-93D3F063F44E}.Debug|Any CPU.ActiveCfg = Debug|Any CPU
		{D97BD7BC-C050-4D35-82D5-93D3F063F44E}.Debug|Any CPU.Build.0 = Debug|Any CPU
		{D97BD7BC-C050-4D35-82D5-93D3F063F44E}.Release|Any CPU.ActiveCfg = Release|Any CPU
		{D97BD7BC-C050-4D35-82D5-93D3F063F44E}.Release|Any CPU.Build.0 = Release|Any CPU
		{0DEDF183-892E-4D0F-B5DA-A919C732AF07}.Debug|Any CPU.ActiveCfg = Debug|Any CPU
		{0DEDF183-892E-4D0F-B5DA-A919C732AF07}.Debug|Any CPU.Build.0 = Debug|Any CPU
		{0DEDF183-892E-4D0F-B5DA-A919C732AF07}.Release|Any CPU.ActiveCfg = Release|Any CPU
		{0DEDF183-892E-4D0F-B5DA-A919C732AF07}.Release|Any CPU.Build.0 = Release|Any CPU
		{4BD0DA0E-27C3-4D9D-A004-35E2747423E4}.Debug|Any CPU.ActiveCfg = Debug|Any CPU
		{4BD0DA0E-27C3-4D9D-A004-35E2747423E4}.Debug|Any CPU.Build.0 = Debug|Any CPU
		{4BD0DA0E-27C3-4D9D-A004-35E2747423E4}.Release|Any CPU.ActiveCfg = Release|Any CPU
		{4BD0DA0E-27C3-4D9D-A004-35E2747423E4}.Release|Any CPU.Build.0 = Release|Any CPU
		{BA95D2A4-88EB-4451-9C13-29F6B5D01CC8}.Debug|Any CPU.ActiveCfg = Debug|Any CPU
		{BA95D2A4-88EB-4451-9C13-29F6B5D01CC8}.Debug|Any CPU.Build.0 = Debug|Any CPU
		{BA95D2A4-88EB-4451-9C13-29F6B5D01CC8}.Release|Any CPU.ActiveCfg = Release|Any CPU
		{BA95D2A4-88EB-4451-9C13-29F6B5D01CC8}.Release|Any CPU.Build.0 = Release|Any CPU
		{EB0A65A6-45E0-423B-96DF-E81EDF227A9E}.Debug|Any CPU.ActiveCfg = Debug|Any CPU
		{EB0A65A6-45E0-423B-96DF-E81EDF227A9E}.Debug|Any CPU.Build.0 = Debug|Any CPU
		{EB0A65A6-45E0-423B-96DF-E81EDF227A9E}.Release|Any CPU.ActiveCfg = Release|Any CPU
		{EB0A65A6-45E0-423B-96DF-E81EDF227A9E}.Release|Any CPU.Build.0 = Release|Any CPU
		{DF2C82A7-4183-43C7-9539-EF2EA438EF85}.Debug|Any CPU.ActiveCfg = Debug|Any CPU
		{DF2C82A7-4183-43C7-9539-EF2EA438EF85}.Debug|Any CPU.Build.0 = Debug|Any CPU
		{DF2C82A7-4183-43C7-9539-EF2EA438EF85}.Release|Any CPU.ActiveCfg = Release|Any CPU
		{DF2C82A7-4183-43C7-9539-EF2EA438EF85}.Release|Any CPU.Build.0 = Release|Any CPU
		{083C7862-C7B0-4F53-9F55-B271433F9FCF}.Debug|Any CPU.ActiveCfg = Debug|Any CPU
		{083C7862-C7B0-4F53-9F55-B271433F9FCF}.Debug|Any CPU.Build.0 = Debug|Any CPU
		{083C7862-C7B0-4F53-9F55-B271433F9FCF}.Release|Any CPU.ActiveCfg = Release|Any CPU
		{083C7862-C7B0-4F53-9F55-B271433F9FCF}.Release|Any CPU.Build.0 = Release|Any CPU
		{8C40CCD9-74C9-4936-86AC-DA163FFF073E}.Debug|Any CPU.ActiveCfg = Debug|Any CPU
		{8C40CCD9-74C9-4936-86AC-DA163FFF073E}.Debug|Any CPU.Build.0 = Debug|Any CPU
		{8C40CCD9-74C9-4936-86AC-DA163FFF073E}.Release|Any CPU.ActiveCfg = Release|Any CPU
		{8C40CCD9-74C9-4936-86AC-DA163FFF073E}.Release|Any CPU.Build.0 = Release|Any CPU
		{443C75B9-9A5C-49B0-B9BF-D9538C492100}.Debug|Any CPU.ActiveCfg = Debug|Any CPU
		{443C75B9-9A5C-49B0-B9BF-D9538C492100}.Debug|Any CPU.Build.0 = Debug|Any CPU
		{443C75B9-9A5C-49B0-B9BF-D9538C492100}.Release|Any CPU.ActiveCfg = Release|Any CPU
		{443C75B9-9A5C-49B0-B9BF-D9538C492100}.Release|Any CPU.Build.0 = Release|Any CPU
		{74439DE9-F25E-4EB1-A17D-C0540DCE25D5}.Debug|Any CPU.ActiveCfg = Debug|Any CPU
		{74439DE9-F25E-4EB1-A17D-C0540DCE25D5}.Debug|Any CPU.Build.0 = Debug|Any CPU
		{74439DE9-F25E-4EB1-A17D-C0540DCE25D5}.Release|Any CPU.ActiveCfg = Release|Any CPU
		{74439DE9-F25E-4EB1-A17D-C0540DCE25D5}.Release|Any CPU.Build.0 = Release|Any CPU
		{E98A80C5-073F-407E-9982-E47452939CB7}.Debug|Any CPU.ActiveCfg = Debug|Any CPU
		{E98A80C5-073F-407E-9982-E47452939CB7}.Debug|Any CPU.Build.0 = Debug|Any CPU
		{E98A80C5-073F-407E-9982-E47452939CB7}.Release|Any CPU.ActiveCfg = Release|Any CPU
		{E98A80C5-073F-407E-9982-E47452939CB7}.Release|Any CPU.Build.0 = Release|Any CPU
		{B8D7B667-56AA-4D79-8819-88D76CBD9923}.Debug|Any CPU.ActiveCfg = Debug|Any CPU
		{B8D7B667-56AA-4D79-8819-88D76CBD9923}.Debug|Any CPU.Build.0 = Debug|Any CPU
		{B8D7B667-56AA-4D79-8819-88D76CBD9923}.Release|Any CPU.ActiveCfg = Release|Any CPU
		{B8D7B667-56AA-4D79-8819-88D76CBD9923}.Release|Any CPU.Build.0 = Release|Any CPU
		{B02A06B9-EF19-415F-A917-F629B7059F63}.Debug|Any CPU.ActiveCfg = Debug|Any CPU
		{B02A06B9-EF19-415F-A917-F629B7059F63}.Debug|Any CPU.Build.0 = Debug|Any CPU
		{B02A06B9-EF19-415F-A917-F629B7059F63}.Release|Any CPU.ActiveCfg = Release|Any CPU
		{B02A06B9-EF19-415F-A917-F629B7059F63}.Release|Any CPU.Build.0 = Release|Any CPU
		{8BA41F96-6E4B-415C-A2AA-A7A9A08A7018}.Debug|Any CPU.ActiveCfg = Debug|Any CPU
		{8BA41F96-6E4B-415C-A2AA-A7A9A08A7018}.Debug|Any CPU.Build.0 = Debug|Any CPU
		{8BA41F96-6E4B-415C-A2AA-A7A9A08A7018}.Release|Any CPU.ActiveCfg = Release|Any CPU
		{8BA41F96-6E4B-415C-A2AA-A7A9A08A7018}.Release|Any CPU.Build.0 = Release|Any CPU
		{4CA811BE-6521-4FF2-86B3-9292ED6CEBBB}.Debug|Any CPU.ActiveCfg = Debug|Any CPU
		{4CA811BE-6521-4FF2-86B3-9292ED6CEBBB}.Debug|Any CPU.Build.0 = Debug|Any CPU
		{4CA811BE-6521-4FF2-86B3-9292ED6CEBBB}.Release|Any CPU.ActiveCfg = Release|Any CPU
		{4CA811BE-6521-4FF2-86B3-9292ED6CEBBB}.Release|Any CPU.Build.0 = Release|Any CPU
		{7F549ACF-8BDD-4850-9D8F-CAD440591141}.Debug|Any CPU.ActiveCfg = Debug|Any CPU
		{7F549ACF-8BDD-4850-9D8F-CAD440591141}.Debug|Any CPU.Build.0 = Debug|Any CPU
		{7F549ACF-8BDD-4850-9D8F-CAD440591141}.Release|Any CPU.ActiveCfg = Release|Any CPU
		{7F549ACF-8BDD-4850-9D8F-CAD440591141}.Release|Any CPU.Build.0 = Release|Any CPU
		{5AB09C3B-634A-4E58-B220-E42FA95E2957}.Debug|Any CPU.ActiveCfg = Debug|Any CPU
		{5AB09C3B-634A-4E58-B220-E42FA95E2957}.Debug|Any CPU.Build.0 = Debug|Any CPU
		{5AB09C3B-634A-4E58-B220-E42FA95E2957}.Release|Any CPU.ActiveCfg = Release|Any CPU
		{5AB09C3B-634A-4E58-B220-E42FA95E2957}.Release|Any CPU.Build.0 = Release|Any CPU
		{8B79870F-03F5-4F9E-9160-D51730A2D338}.Debug|Any CPU.ActiveCfg = Debug|Any CPU
		{8B79870F-03F5-4F9E-9160-D51730A2D338}.Debug|Any CPU.Build.0 = Debug|Any CPU
		{8B79870F-03F5-4F9E-9160-D51730A2D338}.Release|Any CPU.ActiveCfg = Release|Any CPU
		{8B79870F-03F5-4F9E-9160-D51730A2D338}.Release|Any CPU.Build.0 = Release|Any CPU
		{4C5A1085-6784-4B7A-A514-841EDFC0AAA1}.Debug|Any CPU.ActiveCfg = Debug|Any CPU
		{4C5A1085-6784-4B7A-A514-841EDFC0AAA1}.Debug|Any CPU.Build.0 = Debug|Any CPU
		{4C5A1085-6784-4B7A-A514-841EDFC0AAA1}.Release|Any CPU.ActiveCfg = Release|Any CPU
		{4C5A1085-6784-4B7A-A514-841EDFC0AAA1}.Release|Any CPU.Build.0 = Release|Any CPU
		{FDA02497-113D-4AE0-A823-BDA51231E12D}.Debug|Any CPU.ActiveCfg = Debug|Any CPU
		{FDA02497-113D-4AE0-A823-BDA51231E12D}.Debug|Any CPU.Build.0 = Debug|Any CPU
		{FDA02497-113D-4AE0-A823-BDA51231E12D}.Release|Any CPU.ActiveCfg = Release|Any CPU
		{FDA02497-113D-4AE0-A823-BDA51231E12D}.Release|Any CPU.Build.0 = Release|Any CPU
		{7317B009-7ED5-4188-83A7-2806E200C596}.Debug|Any CPU.ActiveCfg = Debug|Any CPU
		{7317B009-7ED5-4188-83A7-2806E200C596}.Debug|Any CPU.Build.0 = Debug|Any CPU
		{7317B009-7ED5-4188-83A7-2806E200C596}.Release|Any CPU.ActiveCfg = Release|Any CPU
		{7317B009-7ED5-4188-83A7-2806E200C596}.Release|Any CPU.Build.0 = Release|Any CPU
		{F7FC4DF2-BF5D-4945-B669-80D1C3628F19}.Debug|Any CPU.ActiveCfg = Debug|Any CPU
		{F7FC4DF2-BF5D-4945-B669-80D1C3628F19}.Debug|Any CPU.Build.0 = Debug|Any CPU
		{F7FC4DF2-BF5D-4945-B669-80D1C3628F19}.Release|Any CPU.ActiveCfg = Release|Any CPU
		{F7FC4DF2-BF5D-4945-B669-80D1C3628F19}.Release|Any CPU.Build.0 = Release|Any CPU
		{19511067-C17E-4DD2-95AB-723C9327D239}.Debug|Any CPU.ActiveCfg = Debug|Any CPU
		{19511067-C17E-4DD2-95AB-723C9327D239}.Debug|Any CPU.Build.0 = Debug|Any CPU
		{19511067-C17E-4DD2-95AB-723C9327D239}.Release|Any CPU.ActiveCfg = Release|Any CPU
		{19511067-C17E-4DD2-95AB-723C9327D239}.Release|Any CPU.Build.0 = Release|Any CPU
		{693FD221-D971-4E2D-9D0D-168E395E030E}.Debug|Any CPU.ActiveCfg = Debug|Any CPU
		{693FD221-D971-4E2D-9D0D-168E395E030E}.Debug|Any CPU.Build.0 = Debug|Any CPU
		{693FD221-D971-4E2D-9D0D-168E395E030E}.Release|Any CPU.ActiveCfg = Release|Any CPU
		{693FD221-D971-4E2D-9D0D-168E395E030E}.Release|Any CPU.Build.0 = Release|Any CPU
		{FB8B880B-97AA-40BA-8EEE-E7DBE422E112}.Debug|Any CPU.ActiveCfg = Debug|Any CPU
		{FB8B880B-97AA-40BA-8EEE-E7DBE422E112}.Debug|Any CPU.Build.0 = Debug|Any CPU
		{FB8B880B-97AA-40BA-8EEE-E7DBE422E112}.Release|Any CPU.ActiveCfg = Release|Any CPU
		{FB8B880B-97AA-40BA-8EEE-E7DBE422E112}.Release|Any CPU.Build.0 = Release|Any CPU
		{72288130-9EC0-4D79-BC94-3E510BC35DF6}.Debug|Any CPU.ActiveCfg = Debug|Any CPU
		{72288130-9EC0-4D79-BC94-3E510BC35DF6}.Debug|Any CPU.Build.0 = Debug|Any CPU
		{72288130-9EC0-4D79-BC94-3E510BC35DF6}.Release|Any CPU.ActiveCfg = Release|Any CPU
		{72288130-9EC0-4D79-BC94-3E510BC35DF6}.Release|Any CPU.Build.0 = Release|Any CPU
		{76FE97C6-0891-4E8C-8023-9193722F29B7}.Debug|Any CPU.ActiveCfg = Debug|Any CPU
		{76FE97C6-0891-4E8C-8023-9193722F29B7}.Debug|Any CPU.Build.0 = Debug|Any CPU
		{76FE97C6-0891-4E8C-8023-9193722F29B7}.Release|Any CPU.ActiveCfg = Release|Any CPU
		{76FE97C6-0891-4E8C-8023-9193722F29B7}.Release|Any CPU.Build.0 = Release|Any CPU
	EndGlobalSection
	GlobalSection(SolutionProperties) = preSolution
		HideSolutionNode = FALSE
	EndGlobalSection
	GlobalSection(NestedProjects) = preSolution
		{C3C01247-E98A-489F-B15F-FD927B972138} = {E806A510-16C4-492E-A8AE-F0DDCB2E5CD3}
		{EEB9802E-2730-428E-A0C4-B5BF5E251D79} = {C3C01247-E98A-489F-B15F-FD927B972138}
		{DE29C3D7-DB67-4920-9A89-BE734DF9B99C} = {E806A510-16C4-492E-A8AE-F0DDCB2E5CD3}
		{12659DEA-DE36-4EEE-B0F8-5A5480FA9CC9} = {DE29C3D7-DB67-4920-9A89-BE734DF9B99C}
		{1CCA4C87-C4FA-4068-9988-B3A32882CBD8} = {12659DEA-DE36-4EEE-B0F8-5A5480FA9CC9}
		{D97BD7BC-C050-4D35-82D5-93D3F063F44E} = {12659DEA-DE36-4EEE-B0F8-5A5480FA9CC9}
		{0DEDF183-892E-4D0F-B5DA-A919C732AF07} = {12659DEA-DE36-4EEE-B0F8-5A5480FA9CC9}
		{4BD0DA0E-27C3-4D9D-A004-35E2747423E4} = {12659DEA-DE36-4EEE-B0F8-5A5480FA9CC9}
		{50C33620-F519-49D8-9910-AAA33BD57BAD} = {E806A510-16C4-492E-A8AE-F0DDCB2E5CD3}
		{BA95D2A4-88EB-4451-9C13-29F6B5D01CC8} = {50C33620-F519-49D8-9910-AAA33BD57BAD}
		{EB0A65A6-45E0-423B-96DF-E81EDF227A9E} = {50C33620-F519-49D8-9910-AAA33BD57BAD}
		{DF2C82A7-4183-43C7-9539-EF2EA438EF85} = {50C33620-F519-49D8-9910-AAA33BD57BAD}
		{083C7862-C7B0-4F53-9F55-B271433F9FCF} = {50C33620-F519-49D8-9910-AAA33BD57BAD}
		{6FD82143-E89B-4D3C-9303-76AE5337A0AC} = {DE29C3D7-DB67-4920-9A89-BE734DF9B99C}
		{8C40CCD9-74C9-4936-86AC-DA163FFF073E} = {6FD82143-E89B-4D3C-9303-76AE5337A0AC}
		{443C75B9-9A5C-49B0-B9BF-D9538C492100} = {6FD82143-E89B-4D3C-9303-76AE5337A0AC}
		{74439DE9-F25E-4EB1-A17D-C0540DCE25D5} = {6FD82143-E89B-4D3C-9303-76AE5337A0AC}
		{E98A80C5-073F-407E-9982-E47452939CB7} = {6FD82143-E89B-4D3C-9303-76AE5337A0AC}
		{4E345ACE-7A15-4D3E-914E-F7562B9E0AC5} = {DE29C3D7-DB67-4920-9A89-BE734DF9B99C}
		{B8D7B667-56AA-4D79-8819-88D76CBD9923} = {4E345ACE-7A15-4D3E-914E-F7562B9E0AC5}
		{B02A06B9-EF19-415F-A917-F629B7059F63} = {4E345ACE-7A15-4D3E-914E-F7562B9E0AC5}
		{8BA41F96-6E4B-415C-A2AA-A7A9A08A7018} = {4E345ACE-7A15-4D3E-914E-F7562B9E0AC5}
		{4CA811BE-6521-4FF2-86B3-9292ED6CEBBB} = {4E345ACE-7A15-4D3E-914E-F7562B9E0AC5}
		{7F549ACF-8BDD-4850-9D8F-CAD440591141} = {6FD82143-E89B-4D3C-9303-76AE5337A0AC}
		{F320108A-4451-4FB4-9626-33C0ABBEFBCE} = {DE29C3D7-DB67-4920-9A89-BE734DF9B99C}
		{5AB09C3B-634A-4E58-B220-E42FA95E2957} = {F320108A-4451-4FB4-9626-33C0ABBEFBCE}
		{8B79870F-03F5-4F9E-9160-D51730A2D338} = {F320108A-4451-4FB4-9626-33C0ABBEFBCE}
		{4C5A1085-6784-4B7A-A514-841EDFC0AAA1} = {F320108A-4451-4FB4-9626-33C0ABBEFBCE}
		{FDA02497-113D-4AE0-A823-BDA51231E12D} = {F320108A-4451-4FB4-9626-33C0ABBEFBCE}
		{7317B009-7ED5-4188-83A7-2806E200C596} = {F320108A-4451-4FB4-9626-33C0ABBEFBCE}
		{F7FC4DF2-BF5D-4945-B669-80D1C3628F19} = {12659DEA-DE36-4EEE-B0F8-5A5480FA9CC9}
		{19511067-C17E-4DD2-95AB-723C9327D239} = {4E345ACE-7A15-4D3E-914E-F7562B9E0AC5}
		{693FD221-D971-4E2D-9D0D-168E395E030E} = {8A04576D-7345-46C5-8017-D6330BB16B4C}
		{1DF46EC0-7465-4B18-AB2C-3824EC9106B0} = {6FD82143-E89B-4D3C-9303-76AE5337A0AC}
		{FB8B880B-97AA-40BA-8EEE-E7DBE422E112} = {1DF46EC0-7465-4B18-AB2C-3824EC9106B0}
		{4FE2BEA1-0FDF-49DC-ACC7-48AE455AD8F6} = {4E345ACE-7A15-4D3E-914E-F7562B9E0AC5}
		{72288130-9EC0-4D79-BC94-3E510BC35DF6} = {4FE2BEA1-0FDF-49DC-ACC7-48AE455AD8F6}
		{79F91E25-827D-489E-854E-BB282C071B68} = {12659DEA-DE36-4EEE-B0F8-5A5480FA9CC9}
		{76FE97C6-0891-4E8C-8023-9193722F29B7} = {79F91E25-827D-489E-854E-BB282C071B68}
	EndGlobalSection
	GlobalSection(ExtensibilityGlobals) = postSolution
		SolutionGuid = {E0A20035-C970-4A92-AF4B-386B68D38A96}
	EndGlobalSection
EndGlobal
